
Microsoft Visual Studio Solution File, Format Version 12.00
# Visual Studio Version 18
VisualStudioVersion = 18.1.11312.151 d18.0
MinimumVisualStudioVersion = 10.0.40219.1
Project("{FAE04EC0-301F-11D3-BF4B-00C04F79EFBC}") = "digioz.Portal.Web", "digioz.Portal.Web\digioz.Portal.Web.csproj", "{B229D009-5912-D339-6272-1C3DBE4A832C}"
EndProject
Project("{FAE04EC0-301F-11D3-BF4B-00C04F79EFBC}") = "digioz.Portal.Bo", "digioz.Portal.Bo\digioz.Portal.Bo.csproj", "{7225F645-4B48-F6DD-925B-F16A48350EEB}"
EndProject
Project("{FAE04EC0-301F-11D3-BF4B-00C04F79EFBC}") = "digioz.Portal.Dal", "digioz.Portal.Dal\digioz.Portal.Dal.csproj", "{B3A5D3C4-9363-78FF-9CB7-624A73CC67F8}"
EndProject
Project("{FAE04EC0-301F-11D3-BF4B-00C04F79EFBC}") = "digioz.Portal.Utilities", "digioz.Portal.Utilities\digioz.Portal.Utilities.csproj", "{E9326E67-D5D5-CB54-7BF6-CE958E640B05}"
EndProject
Project("{FAE04EC0-301F-11D3-BF4B-00C04F79EFBC}") = "digioz.Portal.BulkMediaImport", "digioz.Portal.BulkMediaImport\digioz.Portal.BulkMediaImport.csproj", "{59B3892F-8821-4AD9-B07B-9ABD7098AE02}"
EndProject
Project("{FAE04EC0-301F-11D3-BF4B-00C04F79EFBC}") = "digioz.Portal.EmailProviders", "digioz.Portal.EmailProviders\digioz.Portal.EmailProviders.csproj", "{06422EA8-A8B2-42D9-89CD-8DA4A9C578FC}"
EndProject
Project("{FAE04EC0-301F-11D3-BF4B-00C04F79EFBC}") = "digioz.Portal.PaymentProviders", "digioz.Portal.PaymentProviders\digioz.Portal.PaymentProviders.csproj", "{9362248A-B9D3-41A4-A01A-6F15D6DD08D3}"
EndProject
Project("{FAE04EC0-301F-11D3-BF4B-00C04F79EFBC}") = "digioz.Portal.Tests", "digioz.Portal.Tests\digioz.Portal.Tests.csproj", "{3969F89D-E924-4F46-9BD5-93E826109E23}"
EndProject
Global
	GlobalSection(SolutionConfigurationPlatforms) = preSolution
		Debug|Any CPU = Debug|Any CPU
		Release|Any CPU = Release|Any CPU
	EndGlobalSection
	GlobalSection(ProjectConfigurationPlatforms) = postSolution
		{B229D009-5912-D339-6272-1C3DBE4A832C}.Debug|Any CPU.ActiveCfg = Debug|Any CPU
		{B229D009-5912-D339-6272-1C3DBE4A832C}.Debug|Any CPU.Build.0 = Debug|Any CPU
		{B229D009-5912-D339-6272-1C3DBE4A832C}.Release|Any CPU.ActiveCfg = Release|Any CPU
		{B229D009-5912-D339-6272-1C3DBE4A832C}.Release|Any CPU.Build.0 = Release|Any CPU
		{7225F645-4B48-F6DD-925B-F16A48350EEB}.Debug|Any CPU.ActiveCfg = Debug|Any CPU
		{7225F645-4B48-F6DD-925B-F16A48350EEB}.Debug|Any CPU.Build.0 = Debug|Any CPU
		{7225F645-4B48-F6DD-925B-F16A48350EEB}.Release|Any CPU.ActiveCfg = Release|Any CPU
		{7225F645-4B48-F6DD-925B-F16A48350EEB}.Release|Any CPU.Build.0 = Release|Any CPU
		{B3A5D3C4-9363-78FF-9CB7-624A73CC67F8}.Debug|Any CPU.ActiveCfg = Debug|Any CPU
		{B3A5D3C4-9363-78FF-9CB7-624A73CC67F8}.Debug|Any CPU.Build.0 = Debug|Any CPU
		{B3A5D3C4-9363-78FF-9CB7-624A73CC67F8}.Release|Any CPU.ActiveCfg = Release|Any CPU
		{B3A5D3C4-9363-78FF-9CB7-624A73CC67F8}.Release|Any CPU.Build.0 = Release|Any CPU
		{E9326E67-D5D5-CB54-7BF6-CE958E640B05}.Debug|Any CPU.ActiveCfg = Debug|Any CPU
		{E9326E67-D5D5-CB54-7BF6-CE958E640B05}.Debug|Any CPU.Build.0 = Debug|Any CPU
		{E9326E67-D5D5-CB54-7BF6-CE958E640B05}.Release|Any CPU.ActiveCfg = Release|Any CPU
		{E9326E67-D5D5-CB54-7BF6-CE958E640B05}.Release|Any CPU.Build.0 = Release|Any CPU
		{59B3892F-8821-4AD9-B07B-9ABD7098AE02}.Debug|Any CPU.ActiveCfg = Debug|Any CPU
		{59B3892F-8821-4AD9-B07B-9ABD7098AE02}.Debug|Any CPU.Build.0 = Debug|Any CPU
		{59B3892F-8821-4AD9-B07B-9ABD7098AE02}.Release|Any CPU.ActiveCfg = Release|Any CPU
		{59B3892F-8821-4AD9-B07B-9ABD7098AE02}.Release|Any CPU.Build.0 = Release|Any CPU
		{06422EA8-A8B2-42D9-89CD-8DA4A9C578FC}.Debug|Any CPU.ActiveCfg = Debug|Any CPU
		{06422EA8-A8B2-42D9-89CD-8DA4A9C578FC}.Debug|Any CPU.Build.0 = Debug|Any CPU
		{06422EA8-A8B2-42D9-89CD-8DA4A9C578FC}.Release|Any CPU.ActiveCfg = Release|Any CPU
		{06422EA8-A8B2-42D9-89CD-8DA4A9C578FC}.Release|Any CPU.Build.0 = Release|Any CPU
		{9362248A-B9D3-41A4-A01A-6F15D6DD08D3}.Debug|Any CPU.ActiveCfg = Debug|Any CPU
		{9362248A-B9D3-41A4-A01A-6F15D6DD08D3}.Debug|Any CPU.Build.0 = Debug|Any CPU
		{9362248A-B9D3-41A4-A01A-6F15D6DD08D3}.Release|Any CPU.ActiveCfg = Release|Any CPU
		{9362248A-B9D3-41A4-A01A-6F15D6DD08D3}.Release|Any CPU.Build.0 = Release|Any CPU
		{3969F89D-E924-4F46-9BD5-93E826109E23}.Debug|Any CPU.ActiveCfg = Debug|Any CPU
		{3969F89D-E924-4F46-9BD5-93E826109E23}.Debug|Any CPU.Build.0 = Debug|Any CPU
		{3969F89D-E924-4F46-9BD5-93E826109E23}.Release|Any CPU.ActiveCfg = Release|Any CPU
		{3969F89D-E924-4F46-9BD5-93E826109E23}.Release|Any CPU.Build.0 = Release|Any CPU
	EndGlobalSection
	GlobalSection(SolutionProperties) = preSolution
		HideSolutionNode = FALSE
	EndGlobalSection
	GlobalSection(ExtensibilityGlobals) = postSolution
		SolutionGuid = {D1901BA9-4A5C-42F9-B40A-241140363874}
	EndGlobalSection
EndGlobal
